
Microsoft Visual Studio Solution File, Format Version 12.00
# Visual Studio Version 18
VisualStudioVersion = 18.1.11312.151
MinimumVisualStudioVersion = 10.0.40219.1
Project("{FAE04EC0-301F-11D3-BF4B-00C04F79EFBC}") = "GatewayApi", "GatewayApi\GatewayApi.csproj", "{87D110C3-A098-4726-9530-A0DBDE7333CF}"
EndProject
Project("{FAE04EC0-301F-11D3-BF4B-00C04F79EFBC}") = "Service1", "Service1\Service1.csproj", "{50C09111-69ED-46C9-B35D-62208D567738}"
EndProject
Project("{FAE04EC0-301F-11D3-BF4B-00C04F79EFBC}") = "Service2", "Service2\Service2.csproj", "{A1833B30-780F-4FF0-AA31-4A2A8349FC14}"
EndProject
Project("{2150E333-8FDC-42A3-9474-1A3956D46DE8}") = "Dev_Setup", "Dev_Setup", "{67712397-7013-4D74-823E-676B1E125258}"
	ProjectSection(SolutionItems) = preProject
		grafana-datasources.yaml = grafana-datasources.yaml
		GrafanaLokiPrometheus.yaml = GrafanaLokiPrometheus.yaml
		prometheus.yml = prometheus.yml
	EndProjectSection
EndProject
Global
	GlobalSection(SolutionConfigurationPlatforms) = preSolution
		Debug|Any CPU = Debug|Any CPU
		Release|Any CPU = Release|Any CPU
	EndGlobalSection
	GlobalSection(ProjectConfigurationPlatforms) = postSolution
		{87D110C3-A098-4726-9530-A0DBDE7333CF}.Debug|Any CPU.ActiveCfg = Debug|Any CPU
		{87D110C3-A098-4726-9530-A0DBDE7333CF}.Debug|Any CPU.Build.0 = Debug|Any CPU
		{87D110C3-A098-4726-9530-A0DBDE7333CF}.Release|Any CPU.ActiveCfg = Release|Any CPU
		{87D110C3-A098-4726-9530-A0DBDE7333CF}.Release|Any CPU.Build.0 = Release|Any CPU
		{50C09111-69ED-46C9-B35D-62208D567738}.Debug|Any CPU.ActiveCfg = Debug|Any CPU
		{50C09111-69ED-46C9-B35D-62208D567738}.Debug|Any CPU.Build.0 = Debug|Any CPU
		{50C09111-69ED-46C9-B35D-62208D567738}.Release|Any CPU.ActiveCfg = Release|Any CPU
		{50C09111-69ED-46C9-B35D-62208D567738}.Release|Any CPU.Build.0 = Release|Any CPU
		{A1833B30-780F-4FF0-AA31-4A2A8349FC14}.Debug|Any CPU.ActiveCfg = Debug|Any CPU
		{A1833B30-780F-4FF0-AA31-4A2A8349FC14}.Debug|Any CPU.Build.0 = Debug|Any CPU
		{A1833B30-780F-4FF0-AA31-4A2A8349FC14}.Release|Any CPU.ActiveCfg = Release|Any CPU
		{A1833B30-780F-4FF0-AA31-4A2A8349FC14}.Release|Any CPU.Build.0 = Release|Any CPU
	EndGlobalSection
	GlobalSection(SolutionProperties) = preSolution
		HideSolutionNode = FALSE
	EndGlobalSection
	GlobalSection(ExtensibilityGlobals) = postSolution
		SolutionGuid = {FA3F474F-296E-4D02-9CA5-34DCF304E2C2}
	EndGlobalSection
EndGlobal
